
Microsoft Visual Studio Solution File, Format Version 12.00
# Visual Studio 15
Project("{FAE04EC0-301F-11D3-BF4B-00C04F79EFBC}") = "Heap_sort", "Heap_sort.csproj", "{B88B629A-1621-46CC-A287-25A8A4C73CFC}"
EndProject
Global
	GlobalSection(SolutionConfigurationPlatforms) = preSolution
		Debug|Any CPU = Debug|Any CPU
		Release|Any CPU = Release|Any CPU
	EndGlobalSection
	GlobalSection(ProjectConfigurationPlatforms) = postSolution
		{B88B629A-1621-46CC-A287-25A8A4C73CFC}.Debug|Any CPU.ActiveCfg = Debug|Any CPU
		{B88B629A-1621-46CC-A287-25A8A4C73CFC}.Debug|Any CPU.Build.0 = Debug|Any CPU
		{B88B629A-1621-46CC-A287-25A8A4C73CFC}.Release|Any CPU.ActiveCfg = Release|Any CPU
		{B88B629A-1621-46CC-A287-25A8A4C73CFC}.Release|Any CPU.Build.0 = Release|Any CPU
	EndGlobalSection
EndGlobal
